<?xml version="1.0" encoding="utf-8"?>
<Project ToolsVersion="4.0" xmlns="http://schemas.microsoft.com/developer/msbuild/2003">
  <ItemGroup>
    <Filter Include="headers">
      <UniqueIdentifier>{fc837774-d0bb-4f04-9bf7-d9b28cb5f32c}</UniqueIdentifier>
    </Filter>
    <Filter Include="source">
      <UniqueIdentifier>{9604e9f0-a9c7-48ca-bc3a-ca96f1aabe51}</UniqueIdentifier>
    </Filter>
    <Filter Include="headers\glslfiles">
      <UniqueIdentifier>{94cd8df4-a9b6-4d4a-b486-09e8b499715b}</UniqueIdentifier>
    </Filter>
    <Filter Include="headers\Box">
      <UniqueIdentifier>{ede67b4e-bf8a-4108-b4b2-67c9fb9c8f81}</UniqueIdentifier>
    </Filter>
    <Filter Include="headers\3DStruct">
      <UniqueIdentifier>{7f9ab6b0-4d0e-4076-800a-2bd805619429}</UniqueIdentifier>
    </Filter>
    <Filter Include="headers\Images">
      <UniqueIdentifier>{aa9331e8-4656-4ec8-8aa8-addac4216121}</UniqueIdentifier>
    </Filter>
    <Filter Include="headers\Obj">
      <UniqueIdentifier>{2cae383f-2227-4b7f-ae00-b03dd55c0e7c}</UniqueIdentifier>
    </Filter>
    <Filter Include="headers\Octree">
      <UniqueIdentifier>{80f29e8c-cca7-4046-8fe2-659af2464ca1}</UniqueIdentifier>
    </Filter>
    <Filter Include="headers\Structures">
      <UniqueIdentifier>{a65185b3-315d-443c-bff4-6bc006cadc8a}</UniqueIdentifier>
    </Filter>
    <Filter Include="headers\TextureHandler">
      <UniqueIdentifier>{a4b12441-6f77-46b8-a7c8-38e7e6c1f27a}</UniqueIdentifier>
    </Filter>
    <Filter Include="headers\Utilities">
      <UniqueIdentifier>{b9a209e6-dfcf-43cc-8d10-fd297f092e7d}</UniqueIdentifier>
    </Filter>
    <Filter Include="headers\shaders">
      <UniqueIdentifier>{c715a860-d723-4985-8289-8bd7cadcb8e0}</UniqueIdentifier>
    </Filter>
  </ItemGroup>
  <ItemGroup>
    <ClCompile Include="src\main.cpp" />
    <ClCompile Include="src\Camera.cpp" />
    <ClCompile Include="src\Carriage.cpp" />
    <ClCompile Include="src\InputManager.cpp" />
    <ClCompile Include="src\Line.cpp" />
    <ClCompile Include="src\LineLoader.cpp" />
    <ClCompile Include="src\Sphere.cpp" />
    <ClCompile Include="dependencies\3dStruct\threeDModel.cpp" />
    <ClCompile Include="dependencies\Box\Box.cpp" />
    <ClCompile Include="dependencies\Obj\OBJLoader.cpp" />
    <ClCompile Include="dependencies\Octree\Octree.cpp" />
    <ClCompile Include="dependencies\shaders\Shader.cpp" />
    <ClCompile Include="dependencies\Structures\Vector3d.cpp" />
    <ClCompile Include="dependencies\TextureHandler\TextureHandler.cpp" />
    <ClCompile Include="dependencies\Utilities\IntersectionTests.cpp" />
    <ClCompile Include="dependencies\Images\ImageLoading.cpp" />
  </ItemGroup>
  <ItemGroup>
    <ClInclude Include="src\Camera.h" />
    <ClInclude Include="src\Carriage.h" />
    <ClInclude Include="src\InputManager.h" />
    <ClInclude Include="src\Line.h" />
    <ClInclude Include="src\LineLoader.h" />
    <ClInclude Include="src\Sphere.h" />
    <ClInclude Include="dependencies\3dStruct\threeDModel.h" />
    <ClInclude Include="dependencies\Box\Box.h" />
    <ClInclude Include="dependencies\Obj\OBJLoader.h" />
    <ClInclude Include="dependencies\Octree\Octree.h" />
    <ClInclude Include="dependencies\shaders\Shader.h" />
    <ClInclude Include="dependencies\Structures\Vector3d.h" />
    <ClInclude Include="dependencies\TextureHandler\TextureHandler.h" />
    <ClInclude Include="dependencies\Utilities\IntersectionTests.h" />
    <ClInclude Include="dependencies\Images\FreeImage.h" />
    <ClInclude Include="dependencies\Images\ImageLoading.h" />
  </ItemGroup>
</Project>